
Microsoft Visual Studio Solution File, Format Version 12.00
# Visual Studio 2012
Project("{D954291E-2A0B-460D-934E-DC6B0785DB48}") = "Luckage", "Luckage\Luckage.shproj", "{D6223E79-356C-4608-B205-0016CEF312C7}"
EndProject
Project("{FAE04EC0-301F-11D3-BF4B-00C04F79EFBC}") = "Luckage.iOS", "iOS\Luckage.iOS.csproj", "{EAA6B343-841E-4A97-9DE3-D32299D88C30}"
EndProject
Project("{FAE04EC0-301F-11D3-BF4B-00C04F79EFBC}") = "Luckage.Droid", "Droid\Luckage.Droid.csproj", "{6BDD25B7-E304-41F1-B05D-1EBE5FA0E76B}"
EndProject
Global
	GlobalSection(SolutionConfigurationPlatforms) = preSolution
		Debug|iPhoneSimulator = Debug|iPhoneSimulator
		Release|iPhone = Release|iPhone
		Release|iPhoneSimulator = Release|iPhoneSimulator
		Debug|iPhone = Debug|iPhone
		Debug|Any CPU = Debug|Any CPU
		Release|Any CPU = Release|Any CPU
	EndGlobalSection
	GlobalSection(ProjectConfigurationPlatforms) = postSolution
		{EAA6B343-841E-4A97-9DE3-D32299D88C30}.Debug|iPhoneSimulator.ActiveCfg = Debug|iPhoneSimulator
		{EAA6B343-841E-4A97-9DE3-D32299D88C30}.Debug|iPhoneSimulator.Build.0 = Debug|iPhoneSimulator
		{EAA6B343-841E-4A97-9DE3-D32299D88C30}.Release|iPhone.ActiveCfg = Release|iPhone
		{EAA6B343-841E-4A97-9DE3-D32299D88C30}.Release|iPhone.Build.0 = Release|iPhone
		{EAA6B343-841E-4A97-9DE3-D32299D88C30}.Release|iPhoneSimulator.ActiveCfg = Release|iPhoneSimulator
		{EAA6B343-841E-4A97-9DE3-D32299D88C30}.Release|iPhoneSimulator.Build.0 = Release|iPhoneSimulator
		{EAA6B343-841E-4A97-9DE3-D32299D88C30}.Debug|iPhone.ActiveCfg = Debug|iPhone
		{EAA6B343-841E-4A97-9DE3-D32299D88C30}.Debug|iPhone.Build.0 = Debug|iPhone
		{EAA6B343-841E-4A97-9DE3-D32299D88C30}.Debug|Any CPU.ActiveCfg = Debug|iPhoneSimulator
		{EAA6B343-841E-4A97-9DE3-D32299D88C30}.Debug|Any CPU.Build.0 = Debug|iPhoneSimulator
		{EAA6B343-841E-4A97-9DE3-D32299D88C30}.Release|Any CPU.ActiveCfg = Release|iPhone
		{EAA6B343-841E-4A97-9DE3-D32299D88C30}.Release|Any CPU.Build.0 = Release|iPhone
		{6BDD25B7-E304-41F1-B05D-1EBE5FA0E76B}.Debug|iPhoneSimulator.ActiveCfg = Debug|Any CPU
		{6BDD25B7-E304-41F1-B05D-1EBE5FA0E76B}.Debug|iPhoneSimulator.Build.0 = Debug|Any CPU
		{6BDD25B7-E304-41F1-B05D-1EBE5FA0E76B}.Release|iPhone.ActiveCfg = Release|Any CPU
		{6BDD25B7-E304-41F1-B05D-1EBE5FA0E76B}.Release|iPhone.Build.0 = Release|Any CPU
		{6BDD25B7-E304-41F1-B05D-1EBE5FA0E76B}.Release|iPhoneSimulator.ActiveCfg = Release|Any CPU
		{6BDD25B7-E304-41F1-B05D-1EBE5FA0E76B}.Release|iPhoneSimulator.Build.0 = Release|Any CPU
		{6BDD25B7-E304-41F1-B05D-1EBE5FA0E76B}.Debug|iPhone.ActiveCfg = Debug|Any CPU
		{6BDD25B7-E304-41F1-B05D-1EBE5FA0E76B}.Debug|iPhone.Build.0 = Debug|Any CPU
		{6BDD25B7-E304-41F1-B05D-1EBE5FA0E76B}.Debug|Any CPU.ActiveCfg = Debug|Any CPU
		{6BDD25B7-E304-41F1-B05D-1EBE5FA0E76B}.Debug|Any CPU.Build.0 = Debug|Any CPU
		{6BDD25B7-E304-41F1-B05D-1EBE5FA0E76B}.Release|Any CPU.ActiveCfg = Release|Any CPU
		{6BDD25B7-E304-41F1-B05D-1EBE5FA0E76B}.Release|Any CPU.Build.0 = Release|Any CPU
	EndGlobalSection
EndGlobal
